
Microsoft Visual Studio Solution File, Format Version 12.00
Project("{FAE04EC0-301F-11D3-BF4B-00C04F79EFBC}") = "PlayWithLibraries", "PlayWithLibraries\PlayWithLibraries.csproj", "{42BB8798-D166-4527-9A0D-B4AD4D8DFDCB}"
EndProject
Project("{FAE04EC0-301F-11D3-BF4B-00C04F79EFBC}") = "Person", "Person\Person.csproj", "{9B6BEF76-B396-4F5F-900F-80813A636A52}"
EndProject
Project("{FAE04EC0-301F-11D3-BF4B-00C04F79EFBC}") = "PersonMultiple", "PersonMultiple\PersonMultiple.csproj", "{8D520F29-A7D7-4224-B1EF-CF08F1B42BB9}"
EndProject
Project("{FAE04EC0-301F-11D3-BF4B-00C04F79EFBC}") = "PersonChaining", "PersonChaining\PersonChaining.csproj", "{D2186874-7D02-49D8-9439-69AEFCFD1329}"
EndProject
Project("{FAE04EC0-301F-11D3-BF4B-00C04F79EFBC}") = "PersonGetters", "PersonGetters\PersonGetters.csproj", "{53EC4CCC-E670-4845-8830-4E36BBD1ADBF}"
EndProject
Project("{FAE04EC0-301F-11D3-BF4B-00C04F79EFBC}") = "PersonExpBody", "PersonExpBody\PersonExpBody.csproj", "{AB30E200-10E8-486D-BBA1-F4974A849865}"
EndProject
Project("{FAE04EC0-301F-11D3-BF4B-00C04F79EFBC}") = "PersonProperties", "PersonProperties\PersonProperties.csproj", "{66E9204D-F1BF-4E2B-AE86-19812A7B32DA}"
EndProject
Project("{FAE04EC0-301F-11D3-BF4B-00C04F79EFBC}") = "PersonPropertiesPlay", "PersonPropertiesPlay\PersonPropertiesPlay.csproj", "{0C2CC232-FC5F-49F1-919F-136A60E6BE14}"
EndProject
Project("{FAE04EC0-301F-11D3-BF4B-00C04F79EFBC}") = "Point3D", "Point3D\Point3D.csproj", "{596DBF96-6A13-4543-8217-C224691AD0AA}"
EndProject
Project("{FAE04EC0-301F-11D3-BF4B-00C04F79EFBC}") = "InitialExamples", "InitialExamples\InitialExamples.csproj", "{4E26EFE4-CDE6-4486-99C2-7E941DBD75DE}"
EndProject
Project("{FAE04EC0-301F-11D3-BF4B-00C04F79EFBC}") = "Aula", "Aula\Aula.csproj", "{84B25D40-0B9C-40A3-9A98-90CCDB41BBFC}"
EndProject
Global
	GlobalSection(SolutionConfigurationPlatforms) = preSolution
		Debug|Any CPU = Debug|Any CPU
		Release|Any CPU = Release|Any CPU
	EndGlobalSection
	GlobalSection(ProjectConfigurationPlatforms) = postSolution
		{42BB8798-D166-4527-9A0D-B4AD4D8DFDCB}.Debug|Any CPU.ActiveCfg = Debug|Any CPU
		{42BB8798-D166-4527-9A0D-B4AD4D8DFDCB}.Debug|Any CPU.Build.0 = Debug|Any CPU
		{42BB8798-D166-4527-9A0D-B4AD4D8DFDCB}.Release|Any CPU.ActiveCfg = Release|Any CPU
		{42BB8798-D166-4527-9A0D-B4AD4D8DFDCB}.Release|Any CPU.Build.0 = Release|Any CPU
		{9B6BEF76-B396-4F5F-900F-80813A636A52}.Debug|Any CPU.ActiveCfg = Debug|Any CPU
		{9B6BEF76-B396-4F5F-900F-80813A636A52}.Debug|Any CPU.Build.0 = Debug|Any CPU
		{9B6BEF76-B396-4F5F-900F-80813A636A52}.Release|Any CPU.ActiveCfg = Release|Any CPU
		{9B6BEF76-B396-4F5F-900F-80813A636A52}.Release|Any CPU.Build.0 = Release|Any CPU
		{8D520F29-A7D7-4224-B1EF-CF08F1B42BB9}.Debug|Any CPU.ActiveCfg = Debug|Any CPU
		{8D520F29-A7D7-4224-B1EF-CF08F1B42BB9}.Debug|Any CPU.Build.0 = Debug|Any CPU
		{8D520F29-A7D7-4224-B1EF-CF08F1B42BB9}.Release|Any CPU.ActiveCfg = Release|Any CPU
		{8D520F29-A7D7-4224-B1EF-CF08F1B42BB9}.Release|Any CPU.Build.0 = Release|Any CPU
		{D2186874-7D02-49D8-9439-69AEFCFD1329}.Debug|Any CPU.ActiveCfg = Debug|Any CPU
		{D2186874-7D02-49D8-9439-69AEFCFD1329}.Debug|Any CPU.Build.0 = Debug|Any CPU
		{D2186874-7D02-49D8-9439-69AEFCFD1329}.Release|Any CPU.ActiveCfg = Release|Any CPU
		{D2186874-7D02-49D8-9439-69AEFCFD1329}.Release|Any CPU.Build.0 = Release|Any CPU
		{53EC4CCC-E670-4845-8830-4E36BBD1ADBF}.Debug|Any CPU.ActiveCfg = Debug|Any CPU
		{53EC4CCC-E670-4845-8830-4E36BBD1ADBF}.Debug|Any CPU.Build.0 = Debug|Any CPU
		{53EC4CCC-E670-4845-8830-4E36BBD1ADBF}.Release|Any CPU.ActiveCfg = Release|Any CPU
		{53EC4CCC-E670-4845-8830-4E36BBD1ADBF}.Release|Any CPU.Build.0 = Release|Any CPU
		{AB30E200-10E8-486D-BBA1-F4974A849865}.Debug|Any CPU.ActiveCfg = Debug|Any CPU
		{AB30E200-10E8-486D-BBA1-F4974A849865}.Debug|Any CPU.Build.0 = Debug|Any CPU
		{AB30E200-10E8-486D-BBA1-F4974A849865}.Release|Any CPU.ActiveCfg = Release|Any CPU
		{AB30E200-10E8-486D-BBA1-F4974A849865}.Release|Any CPU.Build.0 = Release|Any CPU
		{66E9204D-F1BF-4E2B-AE86-19812A7B32DA}.Debug|Any CPU.ActiveCfg = Debug|Any CPU
		{66E9204D-F1BF-4E2B-AE86-19812A7B32DA}.Debug|Any CPU.Build.0 = Debug|Any CPU
		{66E9204D-F1BF-4E2B-AE86-19812A7B32DA}.Release|Any CPU.ActiveCfg = Release|Any CPU
		{66E9204D-F1BF-4E2B-AE86-19812A7B32DA}.Release|Any CPU.Build.0 = Release|Any CPU
		{0C2CC232-FC5F-49F1-919F-136A60E6BE14}.Debug|Any CPU.ActiveCfg = Debug|Any CPU
		{0C2CC232-FC5F-49F1-919F-136A60E6BE14}.Debug|Any CPU.Build.0 = Debug|Any CPU
		{0C2CC232-FC5F-49F1-919F-136A60E6BE14}.Release|Any CPU.ActiveCfg = Release|Any CPU
		{0C2CC232-FC5F-49F1-919F-136A60E6BE14}.Release|Any CPU.Build.0 = Release|Any CPU
		{596DBF96-6A13-4543-8217-C224691AD0AA}.Debug|Any CPU.ActiveCfg = Debug|Any CPU
		{596DBF96-6A13-4543-8217-C224691AD0AA}.Debug|Any CPU.Build.0 = Debug|Any CPU
		{596DBF96-6A13-4543-8217-C224691AD0AA}.Release|Any CPU.ActiveCfg = Release|Any CPU
		{596DBF96-6A13-4543-8217-C224691AD0AA}.Release|Any CPU.Build.0 = Release|Any CPU
		{4E26EFE4-CDE6-4486-99C2-7E941DBD75DE}.Debug|Any CPU.ActiveCfg = Debug|Any CPU
		{4E26EFE4-CDE6-4486-99C2-7E941DBD75DE}.Debug|Any CPU.Build.0 = Debug|Any CPU
		{4E26EFE4-CDE6-4486-99C2-7E941DBD75DE}.Release|Any CPU.ActiveCfg = Release|Any CPU
		{4E26EFE4-CDE6-4486-99C2-7E941DBD75DE}.Release|Any CPU.Build.0 = Release|Any CPU
		{84B25D40-0B9C-40A3-9A98-90CCDB41BBFC}.Debug|Any CPU.ActiveCfg = Debug|Any CPU
		{84B25D40-0B9C-40A3-9A98-90CCDB41BBFC}.Debug|Any CPU.Build.0 = Debug|Any CPU
		{84B25D40-0B9C-40A3-9A98-90CCDB41BBFC}.Release|Any CPU.ActiveCfg = Release|Any CPU
		{84B25D40-0B9C-40A3-9A98-90CCDB41BBFC}.Release|Any CPU.Build.0 = Release|Any CPU
	EndGlobalSection
EndGlobal
