
Microsoft Visual Studio Solution File, Format Version 12.00
Project("{FAE04EC0-301F-11D3-BF4B-00C04F79EFBC}") = "Enums", "Enums\Enums.csproj", "{AE7C56A2-450D-4D8F-A03C-4DA2172FBDCB}"
EndProject
Project("{FAE04EC0-301F-11D3-BF4B-00C04F79EFBC}") = "OperatorOverloading", "OperatorOverloading\OperatorOverloading.csproj", "{3A27D886-696C-4C55-BBE9-4ECF4CA70720}"
EndProject
Project("{FAE04EC0-301F-11D3-BF4B-00C04F79EFBC}") = "ExtensionMethods", "ExtensionMethods\ExtensionMethods.csproj", "{7961684D-1419-42FD-B59C-A8A7C244167C}"
EndProject
Project("{FAE04EC0-301F-11D3-BF4B-00C04F79EFBC}") = "Linq", "Linq\Linq.csproj", "{EC3AAFE4-771C-4053-94E3-8B915CB0671B}"
EndProject
Project("{FAE04EC0-301F-11D3-BF4B-00C04F79EFBC}") = "LinqOperations", "LinqOperations\LinqOperations.csproj", "{10BFE5E0-A3A0-42E3-9999-A2020D9EC28C}"
EndProject
Global
	GlobalSection(SolutionConfigurationPlatforms) = preSolution
		Debug|Any CPU = Debug|Any CPU
		Release|Any CPU = Release|Any CPU
	EndGlobalSection
	GlobalSection(ProjectConfigurationPlatforms) = postSolution
		{AE7C56A2-450D-4D8F-A03C-4DA2172FBDCB}.Debug|Any CPU.ActiveCfg = Debug|Any CPU
		{AE7C56A2-450D-4D8F-A03C-4DA2172FBDCB}.Debug|Any CPU.Build.0 = Debug|Any CPU
		{AE7C56A2-450D-4D8F-A03C-4DA2172FBDCB}.Release|Any CPU.ActiveCfg = Release|Any CPU
		{AE7C56A2-450D-4D8F-A03C-4DA2172FBDCB}.Release|Any CPU.Build.0 = Release|Any CPU
		{3A27D886-696C-4C55-BBE9-4ECF4CA70720}.Debug|Any CPU.ActiveCfg = Debug|Any CPU
		{3A27D886-696C-4C55-BBE9-4ECF4CA70720}.Debug|Any CPU.Build.0 = Debug|Any CPU
		{3A27D886-696C-4C55-BBE9-4ECF4CA70720}.Release|Any CPU.ActiveCfg = Release|Any CPU
		{3A27D886-696C-4C55-BBE9-4ECF4CA70720}.Release|Any CPU.Build.0 = Release|Any CPU
		{7961684D-1419-42FD-B59C-A8A7C244167C}.Debug|Any CPU.ActiveCfg = Debug|Any CPU
		{7961684D-1419-42FD-B59C-A8A7C244167C}.Debug|Any CPU.Build.0 = Debug|Any CPU
		{7961684D-1419-42FD-B59C-A8A7C244167C}.Release|Any CPU.ActiveCfg = Release|Any CPU
		{7961684D-1419-42FD-B59C-A8A7C244167C}.Release|Any CPU.Build.0 = Release|Any CPU
		{EC3AAFE4-771C-4053-94E3-8B915CB0671B}.Debug|Any CPU.ActiveCfg = Debug|Any CPU
		{EC3AAFE4-771C-4053-94E3-8B915CB0671B}.Debug|Any CPU.Build.0 = Debug|Any CPU
		{EC3AAFE4-771C-4053-94E3-8B915CB0671B}.Release|Any CPU.ActiveCfg = Release|Any CPU
		{EC3AAFE4-771C-4053-94E3-8B915CB0671B}.Release|Any CPU.Build.0 = Release|Any CPU
		{10BFE5E0-A3A0-42E3-9999-A2020D9EC28C}.Debug|Any CPU.ActiveCfg = Debug|Any CPU
		{10BFE5E0-A3A0-42E3-9999-A2020D9EC28C}.Debug|Any CPU.Build.0 = Debug|Any CPU
		{10BFE5E0-A3A0-42E3-9999-A2020D9EC28C}.Release|Any CPU.ActiveCfg = Release|Any CPU
		{10BFE5E0-A3A0-42E3-9999-A2020D9EC28C}.Release|Any CPU.Build.0 = Release|Any CPU
	EndGlobalSection
EndGlobal
